
Microsoft Visual Studio Solution File, Format Version 12.00
# Visual Studio Version 17
VisualStudioVersion = 17.2.32602.215
MinimumVisualStudioVersion = 10.0.40219.1
Project("{FAE04EC0-301F-11D3-BF4B-00C04F79EFBC}") = "Tugas", "Tugas\Tugas.csproj", "{0BDB33E6-C11C-40AE-9174-0BE5E76B2E15}"
EndProject
Global
	GlobalSection(SolutionConfigurationPlatforms) = preSolution
		Debug|Any CPU = Debug|Any CPU
		Release|Any CPU = Release|Any CPU
	EndGlobalSection
	GlobalSection(ProjectConfigurationPlatforms) = postSolution
		{0BDB33E6-C11C-40AE-9174-0BE5E76B2E15}.Debug|Any CPU.ActiveCfg = Debug|Any CPU
		{0BDB33E6-C11C-40AE-9174-0BE5E76B2E15}.Debug|Any CPU.Build.0 = Debug|Any CPU
		{0BDB33E6-C11C-40AE-9174-0BE5E76B2E15}.Release|Any CPU.ActiveCfg = Release|Any CPU
		{0BDB33E6-C11C-40AE-9174-0BE5E76B2E15}.Release|Any CPU.Build.0 = Release|Any CPU
	EndGlobalSection
	GlobalSection(SolutionProperties) = preSolution
		HideSolutionNode = FALSE
	EndGlobalSection
	GlobalSection(ExtensibilityGlobals) = postSolution
		SolutionGuid = {810595E7-4949-48CB-9911-5977BE883306}
	EndGlobalSection
EndGlobal
